
Microsoft Visual Studio Solution File, Format Version 12.00
# Visual Studio Version 16
VisualStudioVersion = 16.0.29409.12
MinimumVisualStudioVersion = 10.0.40219.1
Project("{FAE04EC0-301F-11D3-BF4B-00C04F79EFBC}") = "ProgramaSimulacion1", "ProgramaSimulacion1.csproj", "{C39F343E-7AD0-4D29-8F2B-9D38AE5DE071}"
EndProject
Global
	GlobalSection(SolutionConfigurationPlatforms) = preSolution
		Debug|Any CPU = Debug|Any CPU
		Release|Any CPU = Release|Any CPU
	EndGlobalSection
	GlobalSection(ProjectConfigurationPlatforms) = postSolution
		{C39F343E-7AD0-4D29-8F2B-9D38AE5DE071}.Debug|Any CPU.ActiveCfg = Debug|Any CPU
		{C39F343E-7AD0-4D29-8F2B-9D38AE5DE071}.Debug|Any CPU.Build.0 = Debug|Any CPU
		{C39F343E-7AD0-4D29-8F2B-9D38AE5DE071}.Release|Any CPU.ActiveCfg = Release|Any CPU
		{C39F343E-7AD0-4D29-8F2B-9D38AE5DE071}.Release|Any CPU.Build.0 = Release|Any CPU
	EndGlobalSection
	GlobalSection(SolutionProperties) = preSolution
		HideSolutionNode = FALSE
	EndGlobalSection
	GlobalSection(ExtensibilityGlobals) = postSolution
		SolutionGuid = {ABDB72B2-D103-41BD-AB94-3A402055E0AC}
	EndGlobalSection
EndGlobal
